
Microsoft Visual Studio Solution File, Format Version 12.00
# Visual Studio Version 16
VisualStudioVersion = 25.0.1704.3
MinimumVisualStudioVersion = 10.0.40219.1
Project("{FAE04EC0-301F-11D3-BF4B-00C04F79EFBC}") = "trash2cash-backend", "trash2cash-backend.csproj", "{B357C396-6713-4F73-9E8D-078F5250805E}"
EndProject
Global
	GlobalSection(SolutionConfigurationPlatforms) = preSolution
		Debug|Any CPU = Debug|Any CPU
		Release|Any CPU = Release|Any CPU
	EndGlobalSection
	GlobalSection(ProjectConfigurationPlatforms) = postSolution
		{B357C396-6713-4F73-9E8D-078F5250805E}.Debug|Any CPU.ActiveCfg = Debug|Any CPU
		{B357C396-6713-4F73-9E8D-078F5250805E}.Debug|Any CPU.Build.0 = Debug|Any CPU
		{B357C396-6713-4F73-9E8D-078F5250805E}.Release|Any CPU.ActiveCfg = Release|Any CPU
		{B357C396-6713-4F73-9E8D-078F5250805E}.Release|Any CPU.Build.0 = Release|Any CPU
	EndGlobalSection
	GlobalSection(SolutionProperties) = preSolution
		HideSolutionNode = FALSE
	EndGlobalSection
	GlobalSection(ExtensibilityGlobals) = postSolution
		SolutionGuid = {DC794F64-BC63-4D0D-83A7-E8B616DEB7DE}
	EndGlobalSection
EndGlobal
